
Microsoft Visual Studio Solution File, Format Version 12.00
# Visual Studio Version 17
VisualStudioVersion = 17.11.35431.28
MinimumVisualStudioVersion = 10.0.40219.1
Project("{FAE04EC0-301F-11D3-BF4B-00C04F79EFBC}") = "Origence.ParkingLot.Console", "Origence.ParkingLot.Console\Origence.ParkingLot.Console.csproj", "{E41804DB-349B-4A30-B9A3-996C78DC6262}"
EndProject
Project("{FAE04EC0-301F-11D3-BF4B-00C04F79EFBC}") = "Orignence.ParkingLot.UnitTests", "Orignence.ParkingLot.UnitTests\Orignence.ParkingLot.UnitTests.csproj", "{6A12487D-A896-44FE-BBC1-2AF14A18EDF5}"
EndProject
Global
	GlobalSection(SolutionConfigurationPlatforms) = preSolution
		Debug|Any CPU = Debug|Any CPU
		Release|Any CPU = Release|Any CPU
	EndGlobalSection
	GlobalSection(ProjectConfigurationPlatforms) = postSolution
		{E41804DB-349B-4A30-B9A3-996C78DC6262}.Debug|Any CPU.ActiveCfg = Debug|Any CPU
		{E41804DB-349B-4A30-B9A3-996C78DC6262}.Debug|Any CPU.Build.0 = Debug|Any CPU
		{E41804DB-349B-4A30-B9A3-996C78DC6262}.Release|Any CPU.ActiveCfg = Release|Any CPU
		{E41804DB-349B-4A30-B9A3-996C78DC6262}.Release|Any CPU.Build.0 = Release|Any CPU
		{6A12487D-A896-44FE-BBC1-2AF14A18EDF5}.Debug|Any CPU.ActiveCfg = Debug|Any CPU
		{6A12487D-A896-44FE-BBC1-2AF14A18EDF5}.Debug|Any CPU.Build.0 = Debug|Any CPU
		{6A12487D-A896-44FE-BBC1-2AF14A18EDF5}.Release|Any CPU.ActiveCfg = Release|Any CPU
		{6A12487D-A896-44FE-BBC1-2AF14A18EDF5}.Release|Any CPU.Build.0 = Release|Any CPU
	EndGlobalSection
	GlobalSection(SolutionProperties) = preSolution
		HideSolutionNode = FALSE
	EndGlobalSection
	GlobalSection(ExtensibilityGlobals) = postSolution
		SolutionGuid = {A8826EE6-3CD3-4180-B961-54C4155A5E8E}
	EndGlobalSection
EndGlobal
